// !$*UTF8*$!
{
	archiveVersion = 1;
	classes = {
	};
	objectVersion = 50;
	objects = {

/* Begin PBXBuildFile section */
		7BAC7E8F241F0EDA00D41F12 /* AppDelegate.swift in Sources */ = {isa = PBXBuildFile; fileRef = 7BAC7E8E241F0EDA00D41F12 /* AppDelegate.swift */; };
		7BAC7E91241F0EDA00D41F12 /* SceneDelegate.swift in Sources */ = {isa = PBXBuildFile; fileRef = 7BAC7E90241F0EDA00D41F12 /* SceneDelegate.swift */; };
		7BAC7E96241F0EDA00D41F12 /* Main.storyboard in Resources */ = {isa = PBXBuildFile; fileRef = 7BAC7E94241F0EDA00D41F12 /* Main.storyboard */; };
		7BAC7E98241F0EDC00D41F12 /* Assets.xcassets in Resources */ = {isa = PBXBuildFile; fileRef = 7BAC7E97241F0EDC00D41F12 /* Assets.xcassets */; };
		7BAC7E9B241F0EDC00D41F12 /* LaunchScreen.storyboard in Resources */ = {isa = PBXBuildFile; fileRef = 7BAC7E99241F0EDC00D41F12 /* LaunchScreen.storyboard */; };
		7BAC7EA5241F0F4700D41F12 /* SearchResult.swift in Sources */ = {isa = PBXBuildFile; fileRef = 7BAC7EA4241F0F4700D41F12 /* SearchResult.swift */; };
		7BAC7EA7241F150600D41F12 /* ResultType.swift in Sources */ = {isa = PBXBuildFile; fileRef = 7BAC7EA6241F150600D41F12 /* ResultType.swift */; };
		7BAC7EAA241F158600D41F12 /* SearchResultController.swift in Sources */ = {isa = PBXBuildFile; fileRef = 7BAC7EA9241F158600D41F12 /* SearchResultController.swift */; };
		7BAC7EAD241F259700D41F12 /* SearchResultsTableViewController.swift in Sources */ = {isa = PBXBuildFile; fileRef = 7BAC7EAC241F259700D41F12 /* SearchResultsTableViewController.swift */; };
/* End PBXBuildFile section */

/* Begin PBXFileReference section */
		7BAC7E8B241F0EDA00D41F12 /* iTunesSearch.app */ = {isa = PBXFileReference; explicitFileType = wrapper.application; includeInIndex = 0; path = iTunesSearch.app; sourceTree = BUILT_PRODUCTS_DIR; };
		7BAC7E8E241F0EDA00D41F12 /* AppDelegate.swift */ = {isa = PBXFileReference; lastKnownFileType = sourcecode.swift; path = AppDelegate.swift; sourceTree = "<group>"; };
		7BAC7E90241F0EDA00D41F12 /* SceneDelegate.swift */ = {isa = PBXFileReference; lastKnownFileType = sourcecode.swift; path = SceneDelegate.swift; sourceTree = "<group>"; };
		7BAC7E95241F0EDA00D41F12 /* Base */ = {isa = PBXFileReference; lastKnownFileType = file.storyboard; name = Base; path = Base.lproj/Main.storyboard; sourceTree = "<group>"; };
		7BAC7E97241F0EDC00D41F12 /* Assets.xcassets */ = {isa = PBXFileReference; lastKnownFileType = folder.assetcatalog; path = Assets.xcassets; sourceTree = "<group>"; };
		7BAC7E9A241F0EDC00D41F12 /* Base */ = {isa = PBXFileReference; lastKnownFileType = file.storyboard; name = Base; path = Base.lproj/LaunchScreen.storyboard; sourceTree = "<group>"; };
		7BAC7E9C241F0EDC00D41F12 /* Info.plist */ = {isa = PBXFileReference; lastKnownFileType = text.plist.xml; path = Info.plist; sourceTree = "<group>"; };
		7BAC7EA4241F0F4700D41F12 /* SearchResult.swift */ = {isa = PBXFileReference; lastKnownFileType = sourcecode.swift; path = SearchResult.swift; sourceTree = "<group>"; };
		7BAC7EA6241F150600D41F12 /* ResultType.swift */ = {isa = PBXFileReference; lastKnownFileType = sourcecode.swift; path = ResultType.swift; sourceTree = "<group>"; };
		7BAC7EA9241F158600D41F12 /* SearchResultController.swift */ = {isa = PBXFileReference; lastKnownFileType = sourcecode.swift; path = SearchResultController.swift; sourceTree = "<group>"; };
		7BAC7EAC241F259700D41F12 /* SearchResultsTableViewController.swift */ = {isa = PBXFileReference; lastKnownFileType = sourcecode.swift; path = SearchResultsTableViewController.swift; sourceTree = "<group>"; };
/* End PBXFileReference section */

/* Begin PBXFrameworksBuildPhase section */
		7BAC7E88241F0EDA00D41F12 /* Frameworks */ = {
			isa = PBXFrameworksBuildPhase;
			buildActionMask = 2147483647;
			files = (
			);
			runOnlyForDeploymentPostprocessing = 0;
		};
/* End PBXFrameworksBuildPhase section */

/* Begin PBXGroup section */
		7BAC7E82241F0EDA00D41F12 = {
			isa = PBXGroup;
			children = (
				7BAC7E8D241F0EDA00D41F12 /* iTunesSearch */,
			);
			sourceTree = "<group>";
		};
		7BAC7E8C241F0EDA00D41F12 /* Products */ = {
			isa = PBXGroup;
			children = (
				7BAC7E8B241F0EDA00D41F12 /* iTunesSearch.app */,
			);
			name = Products;
			path = ..;
			sourceTree = "<group>";
		};
		7BAC7E8D241F0EDA00D41F12 /* iTunesSearch */ = {
			isa = PBXGroup;
			children = (
				7BAC7EA2241F0F2100D41F12 /* Resources */,
				7BAC7E8C241F0EDA00D41F12 /* Products */,
				7BAC7EA3241F0F3900D41F12 /* Models */,
				7BAC7EA8241F156A00D41F12 /* Model Controllers */,
				7BAC7EAB241F239000D41F12 /* View Controllers */,
				7BAC7E94241F0EDA00D41F12 /* Main.storyboard */,
				7BAC7E9C241F0EDC00D41F12 /* Info.plist */,
			);
			path = iTunesSearch;
			sourceTree = "<group>";
		};
		7BAC7EA2241F0F2100D41F12 /* Resources */ = {
			isa = PBXGroup;
			children = (
				7BAC7E8E241F0EDA00D41F12 /* AppDelegate.swift */,
				7BAC7E90241F0EDA00D41F12 /* SceneDelegate.swift */,
				7BAC7E97241F0EDC00D41F12 /* Assets.xcassets */,
				7BAC7E99241F0EDC00D41F12 /* LaunchScreen.storyboard */,
			);
			path = Resources;
			sourceTree = "<group>";
		};
		7BAC7EA3241F0F3900D41F12 /* Models */ = {
			isa = PBXGroup;
			children = (
				7BAC7EA4241F0F4700D41F12 /* SearchResult.swift */,
				7BAC7EA6241F150600D41F12 /* ResultType.swift */,
			);
			path = Models;
			sourceTree = "<group>";
		};
		7BAC7EA8241F156A00D41F12 /* Model Controllers */ = {
			isa = PBXGroup;
			children = (
				7BAC7EA9241F158600D41F12 /* SearchResultController.swift */,
			);
			path = "Model Controllers";
			sourceTree = "<group>";
		};
		7BAC7EAB241F239000D41F12 /* View Controllers */ = {
			isa = PBXGroup;
			children = (
				7BAC7EAC241F259700D41F12 /* SearchResultsTableViewController.swift */,
			);
			path = "View Controllers";
			sourceTree = "<group>";
		};
/* End PBXGroup section */

/* Begin PBXNativeTarget section */
		7BAC7E8A241F0EDA00D41F12 /* iTunesSearch */ = {
			isa = PBXNativeTarget;
			buildConfigurationList = 7BAC7E9F241F0EDC00D41F12 /* Build configuration list for PBXNativeTarget "iTunesSearch" */;
			buildPhases = (
				7BAC7E87241F0EDA00D41F12 /* Sources */,
				7BAC7E88241F0EDA00D41F12 /* Frameworks */,
				7BAC7E89241F0EDA00D41F12 /* Resources */,
			);
			buildRules = (
			);
			dependencies = (
			);
			name = iTunesSearch;
			productName = iTunesSearch;
			productReference = 7BAC7E8B241F0EDA00D41F12 /* iTunesSearch.app */;
			productType = "com.apple.product-type.application";
		};
/* End PBXNativeTarget section */

/* Begin PBXProject section */
		7BAC7E83241F0EDA00D41F12 /* Project object */ = {
			isa = PBXProject;
			attributes = {
				LastSwiftUpdateCheck = 1130;
				LastUpgradeCheck = 1130;
				ORGANIZATIONNAME = WaseemID;
				TargetAttributes = {
					7BAC7E8A241F0EDA00D41F12 = {
						CreatedOnToolsVersion = 11.3.1;
					};
				};
			};
			buildConfigurationList = 7BAC7E86241F0EDA00D41F12 /* Build configuration list for PBXProject "iTunesSearch" */;
			compatibilityVersion = "Xcode 9.3";
			developmentRegion = en;
			hasScannedForEncodings = 0;
			knownRegions = (
				en,
				Base,
			);
			mainGroup = 7BAC7E82241F0EDA00D41F12;
			productRefGroup = 7BAC7E8C241F0EDA00D41F12 /* Products */;
			projectDirPath = "";
			projectRoot = "";
			targets = (
				7BAC7E8A241F0EDA00D41F12 /* iTunesSearch */,
			);
		};
/* End PBXProject section */

/* Begin PBXResourcesBuildPhase section */
		7BAC7E89241F0EDA00D41F12 /* Resources */ = {
			isa = PBXResourcesBuildPhase;
			buildActionMask = 2147483647;
			files = (
				7BAC7E9B241F0EDC00D41F12 /* LaunchScreen.storyboard in Resources */,
				7BAC7E98241F0EDC00D41F12 /* Assets.xcassets in Resources */,
				7BAC7E96241F0EDA00D41F12 /* Main.storyboard in Resources */,
			);
			runOnlyForDeploymentPostprocessing = 0;
		};
/* End PBXResourcesBuildPhase section */

/* Begin PBXSourcesBuildPhase section */
		7BAC7E87241F0EDA00D41F12 /* Sources */ = {
			isa = PBXSourcesBuildPhase;
			buildActionMask = 2147483647;
			files = (
				7BAC7EA7241F150600D41F12 /* ResultType.swift in Sources */,
				7BAC7E8F241F0EDA00D41F12 /* AppDelegate.swift in Sources */,
				7BAC7EAD241F259700D41F12 /* SearchResultsTableViewController.swift in Sources */,
				7BAC7EA5241F0F4700D41F12 /* SearchResult.swift in Sources */,
				7BAC7E91241F0EDA00D41F12 /* SceneDelegate.swift in Sources */,
				7BAC7EAA241F158600D41F12 /* SearchResultController.swift in Sources */,
			);
			runOnlyForDeploymentPostprocessing = 0;
		};
/* End PBXSourcesBuildPhase section */

/* Begin PBXVariantGroup section */
		7BAC7E94241F0EDA00D41F12 /* Main.storyboard */ = {
			isa = PBXVariantGroup;
			children = (
				7BAC7E95241F0EDA00D41F12 /* Base */,
			);
			name = Main.storyboard;
			sourceTree = "<group>";
		};
		7BAC7E99241F0EDC00D41F12 /* LaunchScreen.storyboard */ = {
			isa = PBXVariantGroup;
			children = (
				7BAC7E9A241F0EDC00D41F12 /* Base */,
			);
			name = LaunchScreen.storyboard;
			sourceTree = "<group>";
		};
/* End PBXVariantGroup section */

/* Begin XCBuildConfiguration section */
		7BAC7E9D241F0EDC00D41F12 /* Debug */ = {
			isa = XCBuildConfiguration;
			buildSettings = {
				ALWAYS_SEARCH_USER_PATHS = NO;
				CLANG_ANALYZER_NONNULL = YES;
				CLANG_ANALYZER_NUMBER_OBJECT_CONVERSION = YES_AGGRESSIVE;
				CLANG_CXX_LANGUAGE_STANDARD = "gnu++14";
				CLANG_CXX_LIBRARY = "libc++";
				CLANG_ENABLE_MODULES = YES;
				CLANG_ENABLE_OBJC_ARC = YES;
				CLANG_ENABLE_OBJC_WEAK = YES;
				CLANG_WARN_BLOCK_CAPTURE_AUTORELEASING = YES;
				CLANG_WARN_BOOL_CONVERSION = YES;
				CLANG_WARN_COMMA = YES;
				CLANG_WARN_CONSTANT_CONVERSION = YES;
				CLANG_WARN_DEPRECATED_OBJC_IMPLEMENTATIONS = YES;
				CLANG_WARN_DIRECT_OBJC_ISA_USAGE = YES_ERROR;
				CLANG_WARN_DOCUMENTATION_COMMENTS = YES;
				CLANG_WARN_EMPTY_BODY = YES;
				CLANG_WARN_ENUM_CONVERSION = YES;
				CLANG_WARN_INFINITE_RECURSION = YES;
				CLANG_WARN_INT_CONVERSION = YES;
				CLANG_WARN_NON_LITERAL_NULL_CONVERSION = YES;
				CLANG_WARN_OBJC_IMPLICIT_RETAIN_SELF = YES;
				CLANG_WARN_OBJC_LITERAL_CONVERSION = YES;
				CLANG_WARN_OBJC_ROOT_CLASS = YES_ERROR;
				CLANG_WARN_RANGE_LOOP_ANALYSIS = YES;
				CLANG_WARN_STRICT_PROTOTYPES = YES;
				CLANG_WARN_SUSPICIOUS_MOVE = YES;
				CLANG_WARN_UNGUARDED_AVAILABILITY = YES_AGGRESSIVE;
				CLANG_WARN_UNREACHABLE_CODE = YES;
				CLANG_WARN__DUPLICATE_METHOD_MATCH = YES;
				COPY_PHASE_STRIP = NO;
				DEBUG_INFORMATION_FORMAT = dwarf;
				ENABLE_STRICT_OBJC_MSGSEND = YES;
				ENABLE_TESTABILITY = YES;
				GCC_C_LANGUAGE_STANDARD = gnu11;
				GCC_DYNAMIC_NO_PIC = NO;
				GCC_NO_COMMON_BLOCKS = YES;
				GCC_OPTIMIZATION_LEVEL = 0;
				GCC_PREPROCESSOR_DEFINITIONS = (
					"DEBUG=1",
					"$(inherited)",
				);
				GCC_WARN_64_TO_32_BIT_CONVERSION = YES;
				GCC_WARN_ABOUT_RETURN_TYPE = YES_ERROR;
				GCC_WARN_UNDECLARED_SELECTOR = YES;
				GCC_WARN_UNINITIALIZED_AUTOS = YES_AGGRESSIVE;
				GCC_WARN_UNUSED_FUNCTION = YES;
				GCC_WARN_UNUSED_VARIABLE = YES;
				IPHONEOS_DEPLOYMENT_TARGET = 13.2;
				MTL_ENABLE_DEBUG_INFO = INCLUDE_SOURCE;
				MTL_FAST_MATH = YES;
				ONLY_ACTIVE_ARCH = YES;
				SDKROOT = iphoneos;
				SWIFT_ACTIVE_COMPILATION_CONDITIONS = DEBUG;
				SWIFT_OPTIMIZATION_LEVEL = "-Onone";
			};
			name = Debug;
		};
		7BAC7E9E241F0EDC00D41F12 /* Release */ = {
			isa = XCBuildConfiguration;
			buildSettings = {
				ALWAYS_SEARCH_USER_PATHS = NO;
				CLANG_ANALYZER_NONNULL = YES;
				CLANG_ANALYZER_NUMBER_OBJECT_CONVERSION = YES_AGGRESSIVE;
				CLANG_CXX_LANGUAGE_STANDARD = "gnu++14";
				CLANG_CXX_LIBRARY = "libc++";
				CLANG_ENABLE_MODULES = YES;
				CLANG_ENABLE_OBJC_ARC = YES;
				CLANG_ENABLE_OBJC_WEAK = YES;
				CLANG_WARN_BLOCK_CAPTURE_AUTORELEASING = YES;
				CLANG_WARN_BOOL_CONVERSION = YES;
				CLANG_WARN_COMMA = YES;
				CLANG_WARN_CONSTANT_CONVERSION = YES;
				CLANG_WARN_DEPRECATED_OBJC_IMPLEMENTATIONS = YES;
				CLANG_WARN_DIRECT_OBJC_ISA_USAGE = YES_ERROR;
				CLANG_WARN_DOCUMENTATION_COMMENTS = YES;
				CLANG_WARN_EMPTY_BODY = YES;
				CLANG_WARN_ENUM_CONVERSION = YES;
				CLANG_WARN_INFINITE_RECURSION = YES;
				CLANG_WARN_INT_CONVERSION = YES;
				CLANG_WARN_NON_LITERAL_NULL_CONVERSION = YES;
				CLANG_WARN_OBJC_IMPLICIT_RETAIN_SELF = YES;
				CLANG_WARN_OBJC_LITERAL_CONVERSION = YES;
				CLANG_WARN_OBJC_ROOT_CLASS = YES_ERROR;
				CLANG_WARN_RANGE_LOOP_ANALYSIS = YES;
				CLANG_WARN_STRICT_PROTOTYPES = YES;
				CLANG_WARN_SUSPICIOUS_MOVE = YES;
				CLANG_WARN_UNGUARDED_AVAILABILITY = YES_AGGRESSIVE;
				CLANG_WARN_UNREACHABLE_CODE = YES;
				CLANG_WARN__DUPLICATE_METHOD_MATCH = YES;
				COPY_PHASE_STRIP = NO;
				DEBUG_INFORMATION_FORMAT = "dwarf-with-dsym";
				ENABLE_NS_ASSERTIONS = NO;
				ENABLE_STRICT_OBJC_MSGSEND = YES;
				GCC_C_LANGUAGE_STANDARD = gnu11;
				GCC_NO_COMMON_BLOCKS = YES;
				GCC_WARN_64_TO_32_BIT_CONVERSION = YES;
				GCC_WARN_ABOUT_RETURN_TYPE = YES_ERROR;
				GCC_WARN_UNDECLARED_SELECTOR = YES;
				GCC_WARN_UNINITIALIZED_AUTOS = YES_AGGRESSIVE;
				GCC_WARN_UNUSED_FUNCTION = YES;
				GCC_WARN_UNUSED_VARIABLE = YES;
				IPHONEOS_DEPLOYMENT_TARGET = 13.2;
				MTL_ENABLE_DEBUG_INFO = NO;
				MTL_FAST_MATH = YES;
				SDKROOT = iphoneos;
				SWIFT_COMPILATION_MODE = wholemodule;
				SWIFT_OPTIMIZATION_LEVEL = "-O";
				VALIDATE_PRODUCT = YES;
			};
			name = Release;
		};
		7BAC7EA0241F0EDC00D41F12 /* Debug */ = {
			isa = XCBuildConfiguration;
			buildSettings = {
				ASSETCATALOG_COMPILER_APPICON_NAME = AppIcon;
				CODE_SIGN_STYLE = Automatic;
				DEVELOPMENT_TEAM = DX3RFUH2S9;
				INFOPLIST_FILE = iTunesSearch/Info.plist;
				LD_RUNPATH_SEARCH_PATHS = (
					"$(inherited)",
					"@executable_path/Frameworks",
				);
				PRODUCT_BUNDLE_IDENTIFIER = com.idelbiw.iTunesSearch;
				PRODUCT_NAME = "$(TARGET_NAME)";
				SWIFT_VERSION = 5.0;
				TARGETED_DEVICE_FAMILY = "1,2";
			};
			name = Debug;
		};
		7BAC7EA1241F0EDC00D41F12 /* Release */ = {
			isa = XCBuildConfiguration;
			buildSettings = {
				ASSETCATALOG_COMPILER_APPICON_NAME = AppIcon;
				CODE_SIGN_STYLE = Automatic;
				DEVELOPMENT_TEAM = DX3RFUH2S9;
				INFOPLIST_FILE = iTunesSearch/Info.plist;
				LD_RUNPATH_SEARCH_PATHS = (
					"$(inherited)",
					"@executable_path/Frameworks",
				);
				PRODUCT_BUNDLE_IDENTIFIER = com.idelbiw.iTunesSearch;
				PRODUCT_NAME = "$(TARGET_NAME)";
				SWIFT_VERSION = 5.0;
				TARGETED_DEVICE_FAMILY = "1,2";
			};
			name = Release;
		};
/* End XCBuildConfiguration section */

/* Begin XCConfigurationList section */
		7BAC7E86241F0EDA00D41F12 /* Build configuration list for PBXProject "iTunesSearch" */ = {
			isa = XCConfigurationList;
			buildConfigurations = (
				7BAC7E9D241F0EDC00D41F12 /* Debug */,
				7BAC7E9E241F0EDC00D41F12 /* Release */,
			);
			defaultConfigurationIsVisible = 0;
			defaultConfigurationName = Release;
		};
		7BAC7E9F241F0EDC00D41F12 /* Build configuration list for PBXNativeTarget "iTunesSearch" */ = {
			isa = XCConfigurationList;
			buildConfigurations = (
				7BAC7EA0241F0EDC00D41F12 /* Debug */,
				7BAC7EA1241F0EDC00D41F12 /* Release */,
			);
			defaultConfigurationIsVisible = 0;
			defaultConfigurationName = Release;
		};
/* End XCConfigurationList section */
	};
	rootObject = 7BAC7E83241F0EDA00D41F12 /* Project object */;
}
